
Microsoft Visual Studio Solution File, Format Version 12.00
# Visual Studio Version 17
VisualStudioVersion = 17.2.32210.308
MinimumVisualStudioVersion = 10.0.40219.1
Project("{FAE04EC0-301F-11D3-BF4B-00C04F79EFBC}") = "acmp3", "acmp3.csproj", "{68ED46DE-BDD5-4E5D-A9F1-2C9143520579}"
EndProject
Global
	GlobalSection(SolutionConfigurationPlatforms) = preSolution
		Debug|Any CPU = Debug|Any CPU
		Release|Any CPU = Release|Any CPU
	EndGlobalSection
	GlobalSection(ProjectConfigurationPlatforms) = postSolution
		{68ED46DE-BDD5-4E5D-A9F1-2C9143520579}.Debug|Any CPU.ActiveCfg = Debug|Any CPU
		{68ED46DE-BDD5-4E5D-A9F1-2C9143520579}.Debug|Any CPU.Build.0 = Debug|Any CPU
		{68ED46DE-BDD5-4E5D-A9F1-2C9143520579}.Release|Any CPU.ActiveCfg = Release|Any CPU
		{68ED46DE-BDD5-4E5D-A9F1-2C9143520579}.Release|Any CPU.Build.0 = Release|Any CPU
	EndGlobalSection
	GlobalSection(SolutionProperties) = preSolution
		HideSolutionNode = FALSE
	EndGlobalSection
	GlobalSection(ExtensibilityGlobals) = postSolution
		SolutionGuid = {697851D9-7606-4664-B6B6-A493168DF7CE}
	EndGlobalSection
EndGlobal
